<?xml version="1.0" encoding="utf-8"?>
<Project ToolsVersion="4.0" xmlns="http://schemas.microsoft.com/developer/msbuild/2003">
  <ItemGroup>
    <ClCompile Include="d3drender.cpp">
      <Filter>Render</Filter>
    </ClCompile>
    <ClCompile Include="main.cpp" />
    <ClCompile Include="jansson\memory.c">
      <Filter>External\jansson</Filter>
    </ClCompile>
    <ClCompile Include="jansson\pack_unpack.c">
      <Filter>External\jansson</Filter>
    </ClCompile>
    <ClCompile Include="jansson\strbuffer.c">
      <Filter>External\jansson</Filter>
    </ClCompile>
    <ClCompile Include="jansson\strconv.c">
      <Filter>External\jansson</Filter>
    </ClCompile>
    <ClCompile Include="jansson\utf.c">
      <Filter>External\jansson</Filter>
    </ClCompile>
    <ClCompile Include="jansson\value.c">
      <Filter>External\jansson</Filter>
    </ClCompile>
    <ClCompile Include="jansson\version.c">
      <Filter>External\jansson</Filter>
    </ClCompile>
    <ClCompile Include="jansson\dump.c">
      <Filter>External\jansson</Filter>
    </ClCompile>
    <ClCompile Include="jansson\error.c">
      <Filter>External\jansson</Filter>
    </ClCompile>
    <ClCompile Include="jansson\hashtable.c">
      <Filter>External\jansson</Filter>
    </ClCompile>
    <ClCompile Include="jansson\hashtable_seed.c">
      <Filter>External\jansson</Filter>
    </ClCompile>
    <ClCompile Include="jansson\load.c">
      <Filter>External\jansson</Filter>
    </ClCompile>
    <ClCompile Include="render.cpp">
      <Filter>Render</Filter>
    </ClCompile>
    <ClCompile Include="INET.cpp" />
    <ClCompile Include="keyhook.cpp" />
    <ClCompile Include="CSAMP.cpp" />
  </ItemGroup>
  <ItemGroup>
    <Filter Include="Render">
      <UniqueIdentifier>{0d7c937f-6d71-4ef2-bc34-c20188d58d13}</UniqueIdentifier>
    </Filter>
    <Filter Include="Render\textures">
      <UniqueIdentifier>{4d02538b-5b88-4e5a-af23-57b0191b083e}</UniqueIdentifier>
    </Filter>
    <Filter Include="External">
      <UniqueIdentifier>{4ef9c1d4-479a-4417-b4ac-c07d3d1367e4}</UniqueIdentifier>
    </Filter>
    <Filter Include="External\jansson">
      <UniqueIdentifier>{80a77845-12c7-4ba5-af3a-0d7ad1bb2884}</UniqueIdentifier>
    </Filter>
    <Filter Include="External\minhook">
      <UniqueIdentifier>{34f8d200-bc83-43f7-aaca-9eeb45649e84}</UniqueIdentifier>
    </Filter>
    <Filter Include="External\bass">
      <UniqueIdentifier>{314b636f-1fb4-44a4-9764-01133ff59ada}</UniqueIdentifier>
    </Filter>
  </ItemGroup>
  <ItemGroup>
    <ClInclude Include="d3drender.h">
      <Filter>Render</Filter>
    </ClInclude>
    <ClInclude Include="main.h" />
    <ClInclude Include="jansson\strbuffer.h">
      <Filter>External\jansson</Filter>
    </ClInclude>
    <ClInclude Include="jansson\utf.h">
      <Filter>External\jansson</Filter>
    </ClInclude>
    <ClInclude Include="jansson\hashtable.h">
      <Filter>External\jansson</Filter>
    </ClInclude>
    <ClInclude Include="jansson\jansson.h">
      <Filter>External\jansson</Filter>
    </ClInclude>
    <ClInclude Include="jansson\jansson_config.h">
      <Filter>External\jansson</Filter>
    </ClInclude>
    <ClInclude Include="jansson\jansson_private.h">
      <Filter>External\jansson</Filter>
    </ClInclude>
    <ClInclude Include="jansson\lookup3.h">
      <Filter>External\jansson</Filter>
    </ClInclude>
    <ClInclude Include="resource.h" />
    <ClInclude Include="render.h">
      <Filter>Render</Filter>
    </ClInclude>
    <ClInclude Include="STTFile.hpp" />
    <ClInclude Include="hook\MinHook.h">
      <Filter>External\minhook</Filter>
    </ClInclude>
    <ClInclude Include="INET.h" />
    <ClInclude Include="keyhook.h" />
    <ClInclude Include="bass.h">
      <Filter>External\bass</Filter>
    </ClInclude>
    <ClInclude Include="CSAMP.h" />
  </ItemGroup>
  <ItemGroup>
    <Library Include="hook\libMinHook.x86.lib">
      <Filter>External\minhook</Filter>
    </Library>
    <Library Include="bass.lib">
      <Filter>External\bass</Filter>
    </Library>
  </ItemGroup>
  <ItemGroup>
    <ResourceCompile Include="asi.rc" />
  </ItemGroup>
  <ItemGroup>
    <Image Include="res\micro.png">
      <Filter>Render\textures</Filter>
    </Image>
    <Image Include="res\circle.png">
      <Filter>Render\textures</Filter>
    </Image>
    <Image Include="res\background.png">
      <Filter>Render\textures</Filter>
    </Image>
  </ItemGroup>
</Project>